
Microsoft Visual Studio Solution File, Format Version 12.00
# Visual Studio Version 17
VisualStudioVersion = 17.7.34031.279
MinimumVisualStudioVersion = 10.0.40219.1
Project("{FAE04EC0-301F-11D3-BF4B-00C04F79EFBC}") = "DAL", "DAL\DAL.csproj", "{577DC196-EE4F-46A2-BA43-A6692B385235}"
EndProject
Project("{FAE04EC0-301F-11D3-BF4B-00C04F79EFBC}") = "BLL", "BLL\BLL.csproj", "{D7CAEF68-5763-4336-8AFA-D2083CDE9B40}"
EndProject
Project("{FAE04EC0-301F-11D3-BF4B-00C04F79EFBC}") = "PL", "PL\PL.csproj", "{F81958DA-A884-42E2-86E6-CF31AD8AB02E}"
EndProject
Global
	GlobalSection(SolutionConfigurationPlatforms) = preSolution
		Debug|Any CPU = Debug|Any CPU
		Release|Any CPU = Release|Any CPU
	EndGlobalSection
	GlobalSection(ProjectConfigurationPlatforms) = postSolution
		{577DC196-EE4F-46A2-BA43-A6692B385235}.Debug|Any CPU.ActiveCfg = Debug|Any CPU
		{577DC196-EE4F-46A2-BA43-A6692B385235}.Debug|Any CPU.Build.0 = Debug|Any CPU
		{577DC196-EE4F-46A2-BA43-A6692B385235}.Release|Any CPU.ActiveCfg = Release|Any CPU
		{577DC196-EE4F-46A2-BA43-A6692B385235}.Release|Any CPU.Build.0 = Release|Any CPU
		{D7CAEF68-5763-4336-8AFA-D2083CDE9B40}.Debug|Any CPU.ActiveCfg = Debug|Any CPU
		{D7CAEF68-5763-4336-8AFA-D2083CDE9B40}.Debug|Any CPU.Build.0 = Debug|Any CPU
		{D7CAEF68-5763-4336-8AFA-D2083CDE9B40}.Release|Any CPU.ActiveCfg = Release|Any CPU
		{D7CAEF68-5763-4336-8AFA-D2083CDE9B40}.Release|Any CPU.Build.0 = Release|Any CPU
		{F81958DA-A884-42E2-86E6-CF31AD8AB02E}.Debug|Any CPU.ActiveCfg = Debug|Any CPU
		{F81958DA-A884-42E2-86E6-CF31AD8AB02E}.Debug|Any CPU.Build.0 = Debug|Any CPU
		{F81958DA-A884-42E2-86E6-CF31AD8AB02E}.Release|Any CPU.ActiveCfg = Release|Any CPU
		{F81958DA-A884-42E2-86E6-CF31AD8AB02E}.Release|Any CPU.Build.0 = Release|Any CPU
	EndGlobalSection
	GlobalSection(SolutionProperties) = preSolution
		HideSolutionNode = FALSE
	EndGlobalSection
	GlobalSection(ExtensibilityGlobals) = postSolution
		SolutionGuid = {DD2AD165-4374-4BCE-9604-20B80D2FF794}
	EndGlobalSection
EndGlobal
